
Microsoft Visual Studio Solution File, Format Version 12.00
# Visual Studio 14
VisualStudioVersion = 14.0.25420.1
MinimumVisualStudioVersion = 10.0.40219.1
Project("{FAE04EC0-301F-11D3-BF4B-00C04F79EFBC}") = "Horas-Extras", "Horas-Extras\Horas-Extras.csproj", "{F515C27E-3187-42D5-AFCF-7437CEAF2EA4}"
EndProject
Global
	GlobalSection(SolutionConfigurationPlatforms) = preSolution
		Debug|Any CPU = Debug|Any CPU
		Release|Any CPU = Release|Any CPU
	EndGlobalSection
	GlobalSection(ProjectConfigurationPlatforms) = postSolution
		{F515C27E-3187-42D5-AFCF-7437CEAF2EA4}.Debug|Any CPU.ActiveCfg = Debug|Any CPU
		{F515C27E-3187-42D5-AFCF-7437CEAF2EA4}.Debug|Any CPU.Build.0 = Debug|Any CPU
		{F515C27E-3187-42D5-AFCF-7437CEAF2EA4}.Release|Any CPU.ActiveCfg = Release|Any CPU
		{F515C27E-3187-42D5-AFCF-7437CEAF2EA4}.Release|Any CPU.Build.0 = Release|Any CPU
	EndGlobalSection
	GlobalSection(SolutionProperties) = preSolution
		HideSolutionNode = FALSE
	EndGlobalSection
EndGlobal
